// !$*UTF8*$!
{
	archiveVersion = 1;
	classes = {
	};
	objectVersion = 52;
	objects = {

/* Begin PBXBuildFile section */
		1FE708C0274692AE0004A763 /* zenzenApp.swift in Sources */ = {isa = PBXBuildFile; fileRef = 1FE708BF274692AE0004A763 /* zenzenApp.swift */; };
		1FE708C2274692AE0004A763 /* ContentView.swift in Sources */ = {isa = PBXBuildFile; fileRef = 1FE708C1274692AE0004A763 /* ContentView.swift */; };
		1FE708C4274692AF0004A763 /* Assets.xcassets in Resources */ = {isa = PBXBuildFile; fileRef = 1FE708C3274692AF0004A763 /* Assets.xcassets */; };
		1FE708C7274692AF0004A763 /* Preview Assets.xcassets in Resources */ = {isa = PBXBuildFile; fileRef = 1FE708C6274692AF0004A763 /* Preview Assets.xcassets */; };
		1FE708D1274692EF0004A763 /* zip in Frameworks */ = {isa = PBXBuildFile; productRef = 1FE708D0274692EF0004A763 /* zip */; };
		1FE708D3274692EF0004A763 /* SwiftZip in Frameworks */ = {isa = PBXBuildFile; productRef = 1FE708D2274692EF0004A763 /* SwiftZip */; };
		1FE708D5274692EF0004A763 /* SwiftZipUtils in Frameworks */ = {isa = PBXBuildFile; productRef = 1FE708D4274692EF0004A763 /* SwiftZipUtils */; };
/* End PBXBuildFile section */

/* Begin PBXFileReference section */
		1FE708BC274692AE0004A763 /* zenzen.app */ = {isa = PBXFileReference; explicitFileType = wrapper.application; includeInIndex = 0; path = zenzen.app; sourceTree = BUILT_PRODUCTS_DIR; };
		1FE708BF274692AE0004A763 /* zenzenApp.swift */ = {isa = PBXFileReference; lastKnownFileType = sourcecode.swift; path = zenzenApp.swift; sourceTree = "<group>"; };
		1FE708C1274692AE0004A763 /* ContentView.swift */ = {isa = PBXFileReference; lastKnownFileType = sourcecode.swift; path = ContentView.swift; sourceTree = "<group>"; };
		1FE708C3274692AF0004A763 /* Assets.xcassets */ = {isa = PBXFileReference; lastKnownFileType = folder.assetcatalog; path = Assets.xcassets; sourceTree = "<group>"; };
		1FE708C6274692AF0004A763 /* Preview Assets.xcassets */ = {isa = PBXFileReference; lastKnownFileType = folder.assetcatalog; path = "Preview Assets.xcassets"; sourceTree = "<group>"; };
		1FE708C8274692AF0004A763 /* Info.plist */ = {isa = PBXFileReference; lastKnownFileType = text.plist.xml; path = Info.plist; sourceTree = "<group>"; };
		1FE708C9274692AF0004A763 /* zenzen.entitlements */ = {isa = PBXFileReference; lastKnownFileType = text.plist.entitlements; path = zenzen.entitlements; sourceTree = "<group>"; };
/* End PBXFileReference section */

/* Begin PBXFrameworksBuildPhase section */
		1FE708B9274692AE0004A763 /* Frameworks */ = {
			isa = PBXFrameworksBuildPhase;
			buildActionMask = 2147483647;
			files = (
				1FE708D5274692EF0004A763 /* SwiftZipUtils in Frameworks */,
				1FE708D3274692EF0004A763 /* SwiftZip in Frameworks */,
				1FE708D1274692EF0004A763 /* zip in Frameworks */,
			);
			runOnlyForDeploymentPostprocessing = 0;
		};
/* End PBXFrameworksBuildPhase section */

/* Begin PBXGroup section */
		1FE708B3274692AE0004A763 = {
			isa = PBXGroup;
			children = (
				1FE708BE274692AE0004A763 /* zenzen */,
				1FE708BD274692AE0004A763 /* Products */,
			);
			sourceTree = "<group>";
		};
		1FE708BD274692AE0004A763 /* Products */ = {
			isa = PBXGroup;
			children = (
				1FE708BC274692AE0004A763 /* zenzen.app */,
			);
			name = Products;
			sourceTree = "<group>";
		};
		1FE708BE274692AE0004A763 /* zenzen */ = {
			isa = PBXGroup;
			children = (
				1FE708BF274692AE0004A763 /* zenzenApp.swift */,
				1FE708C1274692AE0004A763 /* ContentView.swift */,
				1FE708C3274692AF0004A763 /* Assets.xcassets */,
				1FE708C8274692AF0004A763 /* Info.plist */,
				1FE708C9274692AF0004A763 /* zenzen.entitlements */,
				1FE708C5274692AF0004A763 /* Preview Content */,
			);
			path = zenzen;
			sourceTree = "<group>";
		};
		1FE708C5274692AF0004A763 /* Preview Content */ = {
			isa = PBXGroup;
			children = (
				1FE708C6274692AF0004A763 /* Preview Assets.xcassets */,
			);
			path = "Preview Content";
			sourceTree = "<group>";
		};
/* End PBXGroup section */

/* Begin PBXNativeTarget section */
		1FE708BB274692AE0004A763 /* zenzen */ = {
			isa = PBXNativeTarget;
			buildConfigurationList = 1FE708CC274692AF0004A763 /* Build configuration list for PBXNativeTarget "zenzen" */;
			buildPhases = (
				1FE708B8274692AE0004A763 /* Sources */,
				1FE708B9274692AE0004A763 /* Frameworks */,
				1FE708BA274692AE0004A763 /* Resources */,
			);
			buildRules = (
			);
			dependencies = (
			);
			name = zenzen;
			packageProductDependencies = (
				1FE708D0274692EF0004A763 /* zip */,
				1FE708D2274692EF0004A763 /* SwiftZip */,
				1FE708D4274692EF0004A763 /* SwiftZipUtils */,
			);
			productName = zenzen;
			productReference = 1FE708BC274692AE0004A763 /* zenzen.app */;
			productType = "com.apple.product-type.application";
		};
/* End PBXNativeTarget section */

/* Begin PBXProject section */
		1FE708B4274692AE0004A763 /* Project object */ = {
			isa = PBXProject;
			attributes = {
				LastSwiftUpdateCheck = 1250;
				LastUpgradeCheck = 1250;
				TargetAttributes = {
					1FE708BB274692AE0004A763 = {
						CreatedOnToolsVersion = 12.5;
					};
				};
			};
			buildConfigurationList = 1FE708B7274692AE0004A763 /* Build configuration list for PBXProject "zenzen" */;
			compatibilityVersion = "Xcode 9.3";
			developmentRegion = en;
			hasScannedForEncodings = 0;
			knownRegions = (
				en,
				Base,
			);
			mainGroup = 1FE708B3274692AE0004A763;
			packageReferences = (
				1FE708CF274692EF0004A763 /* XCRemoteSwiftPackageReference "SwiftZip" */,
			);
			productRefGroup = 1FE708BD274692AE0004A763 /* Products */;
			projectDirPath = "";
			projectRoot = "";
			targets = (
				1FE708BB274692AE0004A763 /* zenzen */,
			);
		};
/* End PBXProject section */

/* Begin PBXResourcesBuildPhase section */
		1FE708BA274692AE0004A763 /* Resources */ = {
			isa = PBXResourcesBuildPhase;
			buildActionMask = 2147483647;
			files = (
				1FE708C7274692AF0004A763 /* Preview Assets.xcassets in Resources */,
				1FE708C4274692AF0004A763 /* Assets.xcassets in Resources */,
			);
			runOnlyForDeploymentPostprocessing = 0;
		};
/* End PBXResourcesBuildPhase section */

/* Begin PBXSourcesBuildPhase section */
		1FE708B8274692AE0004A763 /* Sources */ = {
			isa = PBXSourcesBuildPhase;
			buildActionMask = 2147483647;
			files = (
				1FE708C2274692AE0004A763 /* ContentView.swift in Sources */,
				1FE708C0274692AE0004A763 /* zenzenApp.swift in Sources */,
			);
			runOnlyForDeploymentPostprocessing = 0;
		};
/* End PBXSourcesBuildPhase section */

/* Begin XCBuildConfiguration section */
		1FE708CA274692AF0004A763 /* Debug */ = {
			isa = XCBuildConfiguration;
			buildSettings = {
				ALWAYS_SEARCH_USER_PATHS = NO;
				CLANG_ANALYZER_NONNULL = YES;
				CLANG_ANALYZER_NUMBER_OBJECT_CONVERSION = YES_AGGRESSIVE;
				CLANG_CXX_LANGUAGE_STANDARD = "gnu++14";
				CLANG_CXX_LIBRARY = "libc++";
				CLANG_ENABLE_MODULES = YES;
				CLANG_ENABLE_OBJC_ARC = YES;
				CLANG_ENABLE_OBJC_WEAK = YES;
				CLANG_WARN_BLOCK_CAPTURE_AUTORELEASING = YES;
				CLANG_WARN_BOOL_CONVERSION = YES;
				CLANG_WARN_COMMA = YES;
				CLANG_WARN_CONSTANT_CONVERSION = YES;
				CLANG_WARN_DEPRECATED_OBJC_IMPLEMENTATIONS = YES;
				CLANG_WARN_DIRECT_OBJC_ISA_USAGE = YES_ERROR;
				CLANG_WARN_DOCUMENTATION_COMMENTS = YES;
				CLANG_WARN_EMPTY_BODY = YES;
				CLANG_WARN_ENUM_CONVERSION = YES;
				CLANG_WARN_INFINITE_RECURSION = YES;
				CLANG_WARN_INT_CONVERSION = YES;
				CLANG_WARN_NON_LITERAL_NULL_CONVERSION = YES;
				CLANG_WARN_OBJC_IMPLICIT_RETAIN_SELF = YES;
				CLANG_WARN_OBJC_LITERAL_CONVERSION = YES;
				CLANG_WARN_OBJC_ROOT_CLASS = YES_ERROR;
				CLANG_WARN_QUOTED_INCLUDE_IN_FRAMEWORK_HEADER = YES;
				CLANG_WARN_RANGE_LOOP_ANALYSIS = YES;
				CLANG_WARN_STRICT_PROTOTYPES = YES;
				CLANG_WARN_SUSPICIOUS_MOVE = YES;
				CLANG_WARN_UNGUARDED_AVAILABILITY = YES_AGGRESSIVE;
				CLANG_WARN_UNREACHABLE_CODE = YES;
				CLANG_WARN__DUPLICATE_METHOD_MATCH = YES;
				COPY_PHASE_STRIP = NO;
				DEBUG_INFORMATION_FORMAT = dwarf;
				ENABLE_STRICT_OBJC_MSGSEND = YES;
				ENABLE_TESTABILITY = YES;
				GCC_C_LANGUAGE_STANDARD = gnu11;
				GCC_DYNAMIC_NO_PIC = NO;
				GCC_NO_COMMON_BLOCKS = YES;
				GCC_OPTIMIZATION_LEVEL = 0;
				GCC_PREPROCESSOR_DEFINITIONS = (
					"DEBUG=1",
					"$(inherited)",
				);
				GCC_WARN_64_TO_32_BIT_CONVERSION = YES;
				GCC_WARN_ABOUT_RETURN_TYPE = YES_ERROR;
				GCC_WARN_UNDECLARED_SELECTOR = YES;
				GCC_WARN_UNINITIALIZED_AUTOS = YES_AGGRESSIVE;
				GCC_WARN_UNUSED_FUNCTION = YES;
				GCC_WARN_UNUSED_VARIABLE = YES;
				MACOSX_DEPLOYMENT_TARGET = 11.3;
				MTL_ENABLE_DEBUG_INFO = INCLUDE_SOURCE;
				MTL_FAST_MATH = YES;
				ONLY_ACTIVE_ARCH = YES;
				SDKROOT = macosx;
				SWIFT_ACTIVE_COMPILATION_CONDITIONS = DEBUG;
				SWIFT_OPTIMIZATION_LEVEL = "-Onone";
			};
			name = Debug;
		};
		1FE708CB274692AF0004A763 /* Release */ = {
			isa = XCBuildConfiguration;
			buildSettings = {
				ALWAYS_SEARCH_USER_PATHS = NO;
				CLANG_ANALYZER_NONNULL = YES;
				CLANG_ANALYZER_NUMBER_OBJECT_CONVERSION = YES_AGGRESSIVE;
				CLANG_CXX_LANGUAGE_STANDARD = "gnu++14";
				CLANG_CXX_LIBRARY = "libc++";
				CLANG_ENABLE_MODULES = YES;
				CLANG_ENABLE_OBJC_ARC = YES;
				CLANG_ENABLE_OBJC_WEAK = YES;
				CLANG_WARN_BLOCK_CAPTURE_AUTORELEASING = YES;
				CLANG_WARN_BOOL_CONVERSION = YES;
				CLANG_WARN_COMMA = YES;
				CLANG_WARN_CONSTANT_CONVERSION = YES;
				CLANG_WARN_DEPRECATED_OBJC_IMPLEMENTATIONS = YES;
				CLANG_WARN_DIRECT_OBJC_ISA_USAGE = YES_ERROR;
				CLANG_WARN_DOCUMENTATION_COMMENTS = YES;
				CLANG_WARN_EMPTY_BODY = YES;
				CLANG_WARN_ENUM_CONVERSION = YES;
				CLANG_WARN_INFINITE_RECURSION = YES;
				CLANG_WARN_INT_CONVERSION = YES;
				CLANG_WARN_NON_LITERAL_NULL_CONVERSION = YES;
				CLANG_WARN_OBJC_IMPLICIT_RETAIN_SELF = YES;
				CLANG_WARN_OBJC_LITERAL_CONVERSION = YES;
				CLANG_WARN_OBJC_ROOT_CLASS = YES_ERROR;
				CLANG_WARN_QUOTED_INCLUDE_IN_FRAMEWORK_HEADER = YES;
				CLANG_WARN_RANGE_LOOP_ANALYSIS = YES;
				CLANG_WARN_STRICT_PROTOTYPES = YES;
				CLANG_WARN_SUSPICIOUS_MOVE = YES;
				CLANG_WARN_UNGUARDED_AVAILABILITY = YES_AGGRESSIVE;
				CLANG_WARN_UNREACHABLE_CODE = YES;
				CLANG_WARN__DUPLICATE_METHOD_MATCH = YES;
				COPY_PHASE_STRIP = NO;
				DEBUG_INFORMATION_FORMAT = "dwarf-with-dsym";
				ENABLE_NS_ASSERTIONS = NO;
				ENABLE_STRICT_OBJC_MSGSEND = YES;
				GCC_C_LANGUAGE_STANDARD = gnu11;
				GCC_NO_COMMON_BLOCKS = YES;
				GCC_WARN_64_TO_32_BIT_CONVERSION = YES;
				GCC_WARN_ABOUT_RETURN_TYPE = YES_ERROR;
				GCC_WARN_UNDECLARED_SELECTOR = YES;
				GCC_WARN_UNINITIALIZED_AUTOS = YES_AGGRESSIVE;
				GCC_WARN_UNUSED_FUNCTION = YES;
				GCC_WARN_UNUSED_VARIABLE = YES;
				MACOSX_DEPLOYMENT_TARGET = 11.3;
				MTL_ENABLE_DEBUG_INFO = NO;
				MTL_FAST_MATH = YES;
				SDKROOT = macosx;
				SWIFT_COMPILATION_MODE = wholemodule;
				SWIFT_OPTIMIZATION_LEVEL = "-O";
			};
			name = Release;
		};
		1FE708CD274692AF0004A763 /* Debug */ = {
			isa = XCBuildConfiguration;
			buildSettings = {
				ASSETCATALOG_COMPILER_APPICON_NAME = AppIcon;
				ASSETCATALOG_COMPILER_GLOBAL_ACCENT_COLOR_NAME = AccentColor;
				CODE_SIGN_ENTITLEMENTS = zenzen/zenzen.entitlements;
				CODE_SIGN_STYLE = Automatic;
				COMBINE_HIDPI_IMAGES = YES;
				DEVELOPMENT_ASSET_PATHS = "\"zenzen/Preview Content\"";
				ENABLE_PREVIEWS = YES;
				INFOPLIST_FILE = zenzen/Info.plist;
				LD_RUNPATH_SEARCH_PATHS = (
					"$(inherited)",
					"@executable_path/../Frameworks",
				);
				MACOSX_DEPLOYMENT_TARGET = 11.0;
				PRODUCT_BUNDLE_IDENTIFIER = obfusu.github.io.zenzen;
				PRODUCT_NAME = "$(TARGET_NAME)";
				SWIFT_VERSION = 5.0;
			};
			name = Debug;
		};
		1FE708CE274692AF0004A763 /* Release */ = {
			isa = XCBuildConfiguration;
			buildSettings = {
				ASSETCATALOG_COMPILER_APPICON_NAME = AppIcon;
				ASSETCATALOG_COMPILER_GLOBAL_ACCENT_COLOR_NAME = AccentColor;
				CODE_SIGN_ENTITLEMENTS = zenzen/zenzen.entitlements;
				CODE_SIGN_STYLE = Automatic;
				COMBINE_HIDPI_IMAGES = YES;
				DEVELOPMENT_ASSET_PATHS = "\"zenzen/Preview Content\"";
				ENABLE_PREVIEWS = YES;
				INFOPLIST_FILE = zenzen/Info.plist;
				LD_RUNPATH_SEARCH_PATHS = (
					"$(inherited)",
					"@executable_path/../Frameworks",
				);
				MACOSX_DEPLOYMENT_TARGET = 11.0;
				PRODUCT_BUNDLE_IDENTIFIER = obfusu.github.io.zenzen;
				PRODUCT_NAME = "$(TARGET_NAME)";
				SWIFT_VERSION = 5.0;
			};
			name = Release;
		};
/* End XCBuildConfiguration section */

/* Begin XCConfigurationList section */
		1FE708B7274692AE0004A763 /* Build configuration list for PBXProject "zenzen" */ = {
			isa = XCConfigurationList;
			buildConfigurations = (
				1FE708CA274692AF0004A763 /* Debug */,
				1FE708CB274692AF0004A763 /* Release */,
			);
			defaultConfigurationIsVisible = 0;
			defaultConfigurationName = Release;
		};
		1FE708CC274692AF0004A763 /* Build configuration list for PBXNativeTarget "zenzen" */ = {
			isa = XCConfigurationList;
			buildConfigurations = (
				1FE708CD274692AF0004A763 /* Debug */,
				1FE708CE274692AF0004A763 /* Release */,
			);
			defaultConfigurationIsVisible = 0;
			defaultConfigurationName = Release;
		};
/* End XCConfigurationList section */

/* Begin XCRemoteSwiftPackageReference section */
		1FE708CF274692EF0004A763 /* XCRemoteSwiftPackageReference "SwiftZip" */ = {
			isa = XCRemoteSwiftPackageReference;
			repositoryURL = "https://github.com/SwiftZip/SwiftZip";
			requirement = {
				kind = upToNextMajorVersion;
				minimumVersion = 0.0.5;
			};
		};
/* End XCRemoteSwiftPackageReference section */

/* Begin XCSwiftPackageProductDependency section */
		1FE708D0274692EF0004A763 /* zip */ = {
			isa = XCSwiftPackageProductDependency;
			package = 1FE708CF274692EF0004A763 /* XCRemoteSwiftPackageReference "SwiftZip" */;
			productName = zip;
		};
		1FE708D2274692EF0004A763 /* SwiftZip */ = {
			isa = XCSwiftPackageProductDependency;
			package = 1FE708CF274692EF0004A763 /* XCRemoteSwiftPackageReference "SwiftZip" */;
			productName = SwiftZip;
		};
		1FE708D4274692EF0004A763 /* SwiftZipUtils */ = {
			isa = XCSwiftPackageProductDependency;
			package = 1FE708CF274692EF0004A763 /* XCRemoteSwiftPackageReference "SwiftZip" */;
			productName = SwiftZipUtils;
		};
/* End XCSwiftPackageProductDependency section */
	};
	rootObject = 1FE708B4274692AE0004A763 /* Project object */;
}
